
Microsoft Visual Studio Solution File, Format Version 12.00
# Visual Studio Version 16
VisualStudioVersion = 16.0.30709.132
MinimumVisualStudioVersion = 10.0.40219.1
Project("{9A19103F-16F7-4668-BE54-9A1E7A4F7556}") = "BethanysPieShopHRM.App", "BethanysPieShopHRM.App\BethanysPieShopHRM.App.csproj", "{E2C75077-209F-4335-BA6F-B56BBA9B279F}"
EndProject
Project("{9A19103F-16F7-4668-BE54-9A1E7A4F7556}") = "BethanysPieShopHRM.Shared", "BethanysPieShopHRM.Shared\BethanysPieShopHRM.Shared.csproj", "{84FCFF35-AD09-4677-AC24-898D9A033091}"
EndProject
Project("{9A19103F-16F7-4668-BE54-9A1E7A4F7556}") = "BethanysPieShopHRM.Api", "BethanysPieShopHRM.Api\BethanysPieShopHRM.Api.csproj", "{9003EA18-D862-4960-91C1-129369419632}"
EndProject
Project("{9A19103F-16F7-4668-BE54-9A1E7A4F7556}") = "BethanysPieShopHRM.ComponentsLibrary", "BethanysPieShopHRM.ComponentsLibrary\BethanysPieShopHRM.ComponentsLibrary.csproj", "{F71FAEB2-4794-4AB9-9594-2DCCF74150C2}"
EndProject
Global
	GlobalSection(SolutionConfigurationPlatforms) = preSolution
		Debug|Any CPU = Debug|Any CPU
		Release|Any CPU = Release|Any CPU
	EndGlobalSection
	GlobalSection(ProjectConfigurationPlatforms) = postSolution
		{E2C75077-209F-4335-BA6F-B56BBA9B279F}.Debug|Any CPU.ActiveCfg = Debug|Any CPU
		{E2C75077-209F-4335-BA6F-B56BBA9B279F}.Debug|Any CPU.Build.0 = Debug|Any CPU
		{E2C75077-209F-4335-BA6F-B56BBA9B279F}.Release|Any CPU.ActiveCfg = Release|Any CPU
		{E2C75077-209F-4335-BA6F-B56BBA9B279F}.Release|Any CPU.Build.0 = Release|Any CPU
		{84FCFF35-AD09-4677-AC24-898D9A033091}.Debug|Any CPU.ActiveCfg = Debug|Any CPU
		{84FCFF35-AD09-4677-AC24-898D9A033091}.Debug|Any CPU.Build.0 = Debug|Any CPU
		{84FCFF35-AD09-4677-AC24-898D9A033091}.Release|Any CPU.ActiveCfg = Release|Any CPU
		{84FCFF35-AD09-4677-AC24-898D9A033091}.Release|Any CPU.Build.0 = Release|Any CPU
		{9003EA18-D862-4960-91C1-129369419632}.Debug|Any CPU.ActiveCfg = Debug|Any CPU
		{9003EA18-D862-4960-91C1-129369419632}.Debug|Any CPU.Build.0 = Debug|Any CPU
		{9003EA18-D862-4960-91C1-129369419632}.Release|Any CPU.ActiveCfg = Release|Any CPU
		{9003EA18-D862-4960-91C1-129369419632}.Release|Any CPU.Build.0 = Release|Any CPU
		{F71FAEB2-4794-4AB9-9594-2DCCF74150C2}.Debug|Any CPU.ActiveCfg = Debug|Any CPU
		{F71FAEB2-4794-4AB9-9594-2DCCF74150C2}.Debug|Any CPU.Build.0 = Debug|Any CPU
		{F71FAEB2-4794-4AB9-9594-2DCCF74150C2}.Release|Any CPU.ActiveCfg = Release|Any CPU
		{F71FAEB2-4794-4AB9-9594-2DCCF74150C2}.Release|Any CPU.Build.0 = Release|Any CPU
	EndGlobalSection
	GlobalSection(SolutionProperties) = preSolution
		HideSolutionNode = FALSE
	EndGlobalSection
	GlobalSection(ExtensibilityGlobals) = postSolution
		SolutionGuid = {1BC81F71-8E65-4777-8041-441F826A152E}
	EndGlobalSection
EndGlobal
